
Microsoft Visual Studio Solution File, Format Version 12.00
# Visual Studio 14
VisualStudioVersion = 14.0.25420.1
MinimumVisualStudioVersion = 10.0.40219.1
Project("{FAE04EC0-301F-11D3-BF4B-00C04F79EFBC}") = "LearningManagementSystem.GUI.UWP", "LearningManagementSystem.GUI.UWP\LearningManagementSystem.GUI.UWP.csproj", "{068CF2F4-6357-4D86-BF4C-205202F7C8DF}"
EndProject
Project("{FAE04EC0-301F-11D3-BF4B-00C04F79EFBC}") = "LearningManagementSystem.Data.Core", "LearningManagementSystem.Data.Core\LearningManagementSystem.Data.Core.csproj", "{E261694D-5B94-4BE4-AE59-EA0646FBD5E4}"
EndProject
Project("{FAE04EC0-301F-11D3-BF4B-00C04F79EFBC}") = "LearningManagementSystem.Data.Domain", "LearningManagementSystem.Data.Domain\LearningManagementSystem.Data.Domain.csproj", "{53C3E793-C298-4BB6-86D4-888BF17CFBA2}"
EndProject
Project("{FAE04EC0-301F-11D3-BF4B-00C04F79EFBC}") = "LearningManagementSystem.GUI.UWP.Core", "LearningManagementSystem.GUI.UWP.Core\LearningManagementSystem.GUI.UWP.Core.csproj", "{D95EFB35-5253-4514-AC54-ECC7E2530597}"
EndProject
Project("{FAE04EC0-301F-11D3-BF4B-00C04F79EFBC}") = "LearningManagementSystem.Data.WCF", "LearningManagementSystem.Data.WCF\LearningManagementSystem.Data.WCF.csproj", "{3BE9E358-7C66-4BF3-8F8B-D5193E70BDE2}"
EndProject
Global
	GlobalSection(SolutionConfigurationPlatforms) = preSolution
		Debug|Any CPU = Debug|Any CPU
		Debug|ARM = Debug|ARM
		Debug|x64 = Debug|x64
		Debug|x86 = Debug|x86
		Release|Any CPU = Release|Any CPU
		Release|ARM = Release|ARM
		Release|x64 = Release|x64
		Release|x86 = Release|x86
	EndGlobalSection
	GlobalSection(ProjectConfigurationPlatforms) = postSolution
		{068CF2F4-6357-4D86-BF4C-205202F7C8DF}.Debug|Any CPU.ActiveCfg = Debug|x64
		{068CF2F4-6357-4D86-BF4C-205202F7C8DF}.Debug|Any CPU.Build.0 = Debug|x64
		{068CF2F4-6357-4D86-BF4C-205202F7C8DF}.Debug|Any CPU.Deploy.0 = Debug|x64
		{068CF2F4-6357-4D86-BF4C-205202F7C8DF}.Debug|ARM.ActiveCfg = Debug|ARM
		{068CF2F4-6357-4D86-BF4C-205202F7C8DF}.Debug|ARM.Build.0 = Debug|ARM
		{068CF2F4-6357-4D86-BF4C-205202F7C8DF}.Debug|ARM.Deploy.0 = Debug|ARM
		{068CF2F4-6357-4D86-BF4C-205202F7C8DF}.Debug|x64.ActiveCfg = Debug|x64
		{068CF2F4-6357-4D86-BF4C-205202F7C8DF}.Debug|x64.Build.0 = Debug|x64
		{068CF2F4-6357-4D86-BF4C-205202F7C8DF}.Debug|x64.Deploy.0 = Debug|x64
		{068CF2F4-6357-4D86-BF4C-205202F7C8DF}.Debug|x86.ActiveCfg = Debug|x86
		{068CF2F4-6357-4D86-BF4C-205202F7C8DF}.Debug|x86.Build.0 = Debug|x86
		{068CF2F4-6357-4D86-BF4C-205202F7C8DF}.Debug|x86.Deploy.0 = Debug|x86
		{068CF2F4-6357-4D86-BF4C-205202F7C8DF}.Release|Any CPU.ActiveCfg = Debug|x64
		{068CF2F4-6357-4D86-BF4C-205202F7C8DF}.Release|Any CPU.Build.0 = Debug|x64
		{068CF2F4-6357-4D86-BF4C-205202F7C8DF}.Release|Any CPU.Deploy.0 = Debug|x64
		{068CF2F4-6357-4D86-BF4C-205202F7C8DF}.Release|ARM.ActiveCfg = Release|ARM
		{068CF2F4-6357-4D86-BF4C-205202F7C8DF}.Release|ARM.Build.0 = Release|ARM
		{068CF2F4-6357-4D86-BF4C-205202F7C8DF}.Release|ARM.Deploy.0 = Release|ARM
		{068CF2F4-6357-4D86-BF4C-205202F7C8DF}.Release|x64.ActiveCfg = Release|x64
		{068CF2F4-6357-4D86-BF4C-205202F7C8DF}.Release|x64.Build.0 = Release|x64
		{068CF2F4-6357-4D86-BF4C-205202F7C8DF}.Release|x64.Deploy.0 = Release|x64
		{068CF2F4-6357-4D86-BF4C-205202F7C8DF}.Release|x86.ActiveCfg = Release|x86
		{068CF2F4-6357-4D86-BF4C-205202F7C8DF}.Release|x86.Build.0 = Release|x86
		{068CF2F4-6357-4D86-BF4C-205202F7C8DF}.Release|x86.Deploy.0 = Release|x86
		{E261694D-5B94-4BE4-AE59-EA0646FBD5E4}.Debug|Any CPU.ActiveCfg = Debug|Any CPU
		{E261694D-5B94-4BE4-AE59-EA0646FBD5E4}.Debug|Any CPU.Build.0 = Debug|Any CPU
		{E261694D-5B94-4BE4-AE59-EA0646FBD5E4}.Debug|ARM.ActiveCfg = Debug|ARM
		{E261694D-5B94-4BE4-AE59-EA0646FBD5E4}.Debug|ARM.Build.0 = Debug|ARM
		{E261694D-5B94-4BE4-AE59-EA0646FBD5E4}.Debug|x64.ActiveCfg = Debug|x64
		{E261694D-5B94-4BE4-AE59-EA0646FBD5E4}.Debug|x64.Build.0 = Debug|x64
		{E261694D-5B94-4BE4-AE59-EA0646FBD5E4}.Debug|x86.ActiveCfg = Debug|x86
		{E261694D-5B94-4BE4-AE59-EA0646FBD5E4}.Debug|x86.Build.0 = Debug|x86
		{E261694D-5B94-4BE4-AE59-EA0646FBD5E4}.Release|Any CPU.ActiveCfg = Debug|x64
		{E261694D-5B94-4BE4-AE59-EA0646FBD5E4}.Release|Any CPU.Build.0 = Debug|x64
		{E261694D-5B94-4BE4-AE59-EA0646FBD5E4}.Release|ARM.ActiveCfg = Release|ARM
		{E261694D-5B94-4BE4-AE59-EA0646FBD5E4}.Release|ARM.Build.0 = Release|ARM
		{E261694D-5B94-4BE4-AE59-EA0646FBD5E4}.Release|x64.ActiveCfg = Release|x64
		{E261694D-5B94-4BE4-AE59-EA0646FBD5E4}.Release|x64.Build.0 = Release|x64
		{E261694D-5B94-4BE4-AE59-EA0646FBD5E4}.Release|x86.ActiveCfg = Release|x86
		{E261694D-5B94-4BE4-AE59-EA0646FBD5E4}.Release|x86.Build.0 = Release|x86
		{53C3E793-C298-4BB6-86D4-888BF17CFBA2}.Debug|Any CPU.ActiveCfg = Debug|Any CPU
		{53C3E793-C298-4BB6-86D4-888BF17CFBA2}.Debug|Any CPU.Build.0 = Debug|Any CPU
		{53C3E793-C298-4BB6-86D4-888BF17CFBA2}.Debug|ARM.ActiveCfg = Debug|ARM
		{53C3E793-C298-4BB6-86D4-888BF17CFBA2}.Debug|ARM.Build.0 = Debug|ARM
		{53C3E793-C298-4BB6-86D4-888BF17CFBA2}.Debug|x64.ActiveCfg = Debug|x64
		{53C3E793-C298-4BB6-86D4-888BF17CFBA2}.Debug|x64.Build.0 = Debug|x64
		{53C3E793-C298-4BB6-86D4-888BF17CFBA2}.Debug|x86.ActiveCfg = Debug|x86
		{53C3E793-C298-4BB6-86D4-888BF17CFBA2}.Debug|x86.Build.0 = Debug|x86
		{53C3E793-C298-4BB6-86D4-888BF17CFBA2}.Release|Any CPU.ActiveCfg = Debug|x64
		{53C3E793-C298-4BB6-86D4-888BF17CFBA2}.Release|Any CPU.Build.0 = Debug|x64
		{53C3E793-C298-4BB6-86D4-888BF17CFBA2}.Release|ARM.ActiveCfg = Release|ARM
		{53C3E793-C298-4BB6-86D4-888BF17CFBA2}.Release|ARM.Build.0 = Release|ARM
		{53C3E793-C298-4BB6-86D4-888BF17CFBA2}.Release|x64.ActiveCfg = Release|x64
		{53C3E793-C298-4BB6-86D4-888BF17CFBA2}.Release|x64.Build.0 = Release|x64
		{53C3E793-C298-4BB6-86D4-888BF17CFBA2}.Release|x86.ActiveCfg = Release|x86
		{53C3E793-C298-4BB6-86D4-888BF17CFBA2}.Release|x86.Build.0 = Release|x86
		{D95EFB35-5253-4514-AC54-ECC7E2530597}.Debug|Any CPU.ActiveCfg = Debug|Any CPU
		{D95EFB35-5253-4514-AC54-ECC7E2530597}.Debug|Any CPU.Build.0 = Debug|Any CPU
		{D95EFB35-5253-4514-AC54-ECC7E2530597}.Debug|ARM.ActiveCfg = Debug|ARM
		{D95EFB35-5253-4514-AC54-ECC7E2530597}.Debug|ARM.Build.0 = Debug|ARM
		{D95EFB35-5253-4514-AC54-ECC7E2530597}.Debug|x64.ActiveCfg = Debug|x64
		{D95EFB35-5253-4514-AC54-ECC7E2530597}.Debug|x64.Build.0 = Debug|x64
		{D95EFB35-5253-4514-AC54-ECC7E2530597}.Debug|x86.ActiveCfg = Debug|x86
		{D95EFB35-5253-4514-AC54-ECC7E2530597}.Debug|x86.Build.0 = Debug|x86
		{D95EFB35-5253-4514-AC54-ECC7E2530597}.Release|Any CPU.ActiveCfg = Release|Any CPU
		{D95EFB35-5253-4514-AC54-ECC7E2530597}.Release|Any CPU.Build.0 = Release|Any CPU
		{D95EFB35-5253-4514-AC54-ECC7E2530597}.Release|ARM.ActiveCfg = Release|ARM
		{D95EFB35-5253-4514-AC54-ECC7E2530597}.Release|ARM.Build.0 = Release|ARM
		{D95EFB35-5253-4514-AC54-ECC7E2530597}.Release|x64.ActiveCfg = Release|x64
		{D95EFB35-5253-4514-AC54-ECC7E2530597}.Release|x64.Build.0 = Release|x64
		{D95EFB35-5253-4514-AC54-ECC7E2530597}.Release|x86.ActiveCfg = Release|x86
		{D95EFB35-5253-4514-AC54-ECC7E2530597}.Release|x86.Build.0 = Release|x86
		{3BE9E358-7C66-4BF3-8F8B-D5193E70BDE2}.Debug|Any CPU.ActiveCfg = Debug|Any CPU
		{3BE9E358-7C66-4BF3-8F8B-D5193E70BDE2}.Debug|Any CPU.Build.0 = Debug|Any CPU
		{3BE9E358-7C66-4BF3-8F8B-D5193E70BDE2}.Debug|ARM.ActiveCfg = Debug|Any CPU
		{3BE9E358-7C66-4BF3-8F8B-D5193E70BDE2}.Debug|ARM.Build.0 = Debug|Any CPU
		{3BE9E358-7C66-4BF3-8F8B-D5193E70BDE2}.Debug|x64.ActiveCfg = Debug|Any CPU
		{3BE9E358-7C66-4BF3-8F8B-D5193E70BDE2}.Debug|x64.Build.0 = Debug|Any CPU
		{3BE9E358-7C66-4BF3-8F8B-D5193E70BDE2}.Debug|x86.ActiveCfg = Debug|Any CPU
		{3BE9E358-7C66-4BF3-8F8B-D5193E70BDE2}.Debug|x86.Build.0 = Debug|Any CPU
		{3BE9E358-7C66-4BF3-8F8B-D5193E70BDE2}.Release|Any CPU.ActiveCfg = Release|Any CPU
		{3BE9E358-7C66-4BF3-8F8B-D5193E70BDE2}.Release|Any CPU.Build.0 = Release|Any CPU
		{3BE9E358-7C66-4BF3-8F8B-D5193E70BDE2}.Release|ARM.ActiveCfg = Release|Any CPU
		{3BE9E358-7C66-4BF3-8F8B-D5193E70BDE2}.Release|ARM.Build.0 = Release|Any CPU
		{3BE9E358-7C66-4BF3-8F8B-D5193E70BDE2}.Release|x64.ActiveCfg = Release|Any CPU
		{3BE9E358-7C66-4BF3-8F8B-D5193E70BDE2}.Release|x64.Build.0 = Release|Any CPU
		{3BE9E358-7C66-4BF3-8F8B-D5193E70BDE2}.Release|x86.ActiveCfg = Release|Any CPU
		{3BE9E358-7C66-4BF3-8F8B-D5193E70BDE2}.Release|x86.Build.0 = Release|Any CPU
	EndGlobalSection
	GlobalSection(SolutionProperties) = preSolution
		HideSolutionNode = FALSE
	EndGlobalSection
EndGlobal
